
Microsoft Visual Studio Solution File, Format Version 12.00
# Visual Studio Version 17
VisualStudioVersion = 17.7.34202.233
MinimumVisualStudioVersion = 10.0.40219.1
Project("{FAE04EC0-301F-11D3-BF4B-00C04F79EFBC}") = "CodeFirst-Migration", "CodeFirst-Migration\CodeFirst-Migration.csproj", "{747C5B3D-8FF3-4E9F-9E59-456F69B326CA}"
EndProject
Project("{FAE04EC0-301F-11D3-BF4B-00C04F79EFBC}") = "DAL", "DAL\DAL.csproj", "{5D2FF9F1-B1F7-410B-857E-C68F6F6D523F}"
EndProject
Global
	GlobalSection(SolutionConfigurationPlatforms) = preSolution
		Debug|Any CPU = Debug|Any CPU
		Release|Any CPU = Release|Any CPU
	EndGlobalSection
	GlobalSection(ProjectConfigurationPlatforms) = postSolution
		{747C5B3D-8FF3-4E9F-9E59-456F69B326CA}.Debug|Any CPU.ActiveCfg = Debug|Any CPU
		{747C5B3D-8FF3-4E9F-9E59-456F69B326CA}.Debug|Any CPU.Build.0 = Debug|Any CPU
		{747C5B3D-8FF3-4E9F-9E59-456F69B326CA}.Release|Any CPU.ActiveCfg = Release|Any CPU
		{747C5B3D-8FF3-4E9F-9E59-456F69B326CA}.Release|Any CPU.Build.0 = Release|Any CPU
		{5D2FF9F1-B1F7-410B-857E-C68F6F6D523F}.Debug|Any CPU.ActiveCfg = Debug|Any CPU
		{5D2FF9F1-B1F7-410B-857E-C68F6F6D523F}.Debug|Any CPU.Build.0 = Debug|Any CPU
		{5D2FF9F1-B1F7-410B-857E-C68F6F6D523F}.Release|Any CPU.ActiveCfg = Release|Any CPU
		{5D2FF9F1-B1F7-410B-857E-C68F6F6D523F}.Release|Any CPU.Build.0 = Release|Any CPU
	EndGlobalSection
	GlobalSection(SolutionProperties) = preSolution
		HideSolutionNode = FALSE
	EndGlobalSection
	GlobalSection(ExtensibilityGlobals) = postSolution
		SolutionGuid = {4CBB2EF0-56EF-41F0-962B-AA4C0AD4DBB6}
	EndGlobalSection
EndGlobal
